
Microsoft Visual Studio Solution File, Format Version 12.00
# Visual Studio Version 16
VisualStudioVersion = 16.0.31025.194
MinimumVisualStudioVersion = 10.0.40219.1
Project("{FAE04EC0-301F-11D3-BF4B-00C04F79EFBC}") = "HGSodaMachine", "HGSodaMachine.csproj", "{093DE165-28FD-4949-B9DC-35839DF8F651}"
EndProject
Project("{FAE04EC0-301F-11D3-BF4B-00C04F79EFBC}") = "HGSodaMachineTests", "..\HGSodaMachineTests\HGSodaMachineTests.csproj", "{6B8F2E3A-F718-4F28-8B23-D684F29A5E0C}"
EndProject
Global
	GlobalSection(SolutionConfigurationPlatforms) = preSolution
		Debug|Any CPU = Debug|Any CPU
		Release|Any CPU = Release|Any CPU
	EndGlobalSection
	GlobalSection(ProjectConfigurationPlatforms) = postSolution
		{093DE165-28FD-4949-B9DC-35839DF8F651}.Debug|Any CPU.ActiveCfg = Debug|Any CPU
		{093DE165-28FD-4949-B9DC-35839DF8F651}.Debug|Any CPU.Build.0 = Debug|Any CPU
		{093DE165-28FD-4949-B9DC-35839DF8F651}.Release|Any CPU.ActiveCfg = Release|Any CPU
		{093DE165-28FD-4949-B9DC-35839DF8F651}.Release|Any CPU.Build.0 = Release|Any CPU
		{6B8F2E3A-F718-4F28-8B23-D684F29A5E0C}.Debug|Any CPU.ActiveCfg = Debug|Any CPU
		{6B8F2E3A-F718-4F28-8B23-D684F29A5E0C}.Debug|Any CPU.Build.0 = Debug|Any CPU
		{6B8F2E3A-F718-4F28-8B23-D684F29A5E0C}.Release|Any CPU.ActiveCfg = Release|Any CPU
		{6B8F2E3A-F718-4F28-8B23-D684F29A5E0C}.Release|Any CPU.Build.0 = Release|Any CPU
	EndGlobalSection
	GlobalSection(SolutionProperties) = preSolution
		HideSolutionNode = FALSE
	EndGlobalSection
	GlobalSection(ExtensibilityGlobals) = postSolution
		SolutionGuid = {0464DD61-6DDC-453B-8DAB-98BD5C7483B4}
	EndGlobalSection
EndGlobal
